// !$*UTF8*$!
{
	archiveVersion = 1;
	classes = {
	};
	objectVersion = 50;
	objects = {

/* Begin PBXBuildFile section */
		18CBB66024AB52F300F17695 /* AppDelegate.swift in Sources */ = {isa = PBXBuildFile; fileRef = 18CBB65F24AB52F300F17695 /* AppDelegate.swift */; };
		18CBB66224AB52F300F17695 /* SceneDelegate.swift in Sources */ = {isa = PBXBuildFile; fileRef = 18CBB66124AB52F300F17695 /* SceneDelegate.swift */; };
		18CBB66424AB52F300F17695 /* ViewController.swift in Sources */ = {isa = PBXBuildFile; fileRef = 18CBB66324AB52F300F17695 /* ViewController.swift */; };
		18CBB66724AB52F300F17695 /* Main.storyboard in Resources */ = {isa = PBXBuildFile; fileRef = 18CBB66524AB52F300F17695 /* Main.storyboard */; };
		18CBB66924AB52F400F17695 /* Assets.xcassets in Resources */ = {isa = PBXBuildFile; fileRef = 18CBB66824AB52F400F17695 /* Assets.xcassets */; };
		18CBB66C24AB52F400F17695 /* LaunchScreen.storyboard in Resources */ = {isa = PBXBuildFile; fileRef = 18CBB66A24AB52F400F17695 /* LaunchScreen.storyboard */; };
		18CBB67724AB52F400F17695 /* FilesToDocumentDirectoryTests.swift in Sources */ = {isa = PBXBuildFile; fileRef = 18CBB67624AB52F400F17695 /* FilesToDocumentDirectoryTests.swift */; };
		18CBB68224AB52F400F17695 /* FilesToDocumentDirectoryUITests.swift in Sources */ = {isa = PBXBuildFile; fileRef = 18CBB68124AB52F400F17695 /* FilesToDocumentDirectoryUITests.swift */; };
/* End PBXBuildFile section */

/* Begin PBXContainerItemProxy section */
		18CBB67324AB52F400F17695 /* PBXContainerItemProxy */ = {
			isa = PBXContainerItemProxy;
			containerPortal = 18CBB65424AB52F300F17695 /* Project object */;
			proxyType = 1;
			remoteGlobalIDString = 18CBB65B24AB52F300F17695;
			remoteInfo = FilesToDocumentDirectory;
		};
		18CBB67E24AB52F400F17695 /* PBXContainerItemProxy */ = {
			isa = PBXContainerItemProxy;
			containerPortal = 18CBB65424AB52F300F17695 /* Project object */;
			proxyType = 1;
			remoteGlobalIDString = 18CBB65B24AB52F300F17695;
			remoteInfo = FilesToDocumentDirectory;
		};
/* End PBXContainerItemProxy section */

/* Begin PBXFileReference section */
		18CBB65C24AB52F300F17695 /* FilesToDocumentDirectory.app */ = {isa = PBXFileReference; explicitFileType = wrapper.application; includeInIndex = 0; path = FilesToDocumentDirectory.app; sourceTree = BUILT_PRODUCTS_DIR; };
		18CBB65F24AB52F300F17695 /* AppDelegate.swift */ = {isa = PBXFileReference; lastKnownFileType = sourcecode.swift; path = AppDelegate.swift; sourceTree = "<group>"; };
		18CBB66124AB52F300F17695 /* SceneDelegate.swift */ = {isa = PBXFileReference; lastKnownFileType = sourcecode.swift; path = SceneDelegate.swift; sourceTree = "<group>"; };
		18CBB66324AB52F300F17695 /* ViewController.swift */ = {isa = PBXFileReference; lastKnownFileType = sourcecode.swift; path = ViewController.swift; sourceTree = "<group>"; };
		18CBB66624AB52F300F17695 /* Base */ = {isa = PBXFileReference; lastKnownFileType = file.storyboard; name = Base; path = Base.lproj/Main.storyboard; sourceTree = "<group>"; };
		18CBB66824AB52F400F17695 /* Assets.xcassets */ = {isa = PBXFileReference; lastKnownFileType = folder.assetcatalog; path = Assets.xcassets; sourceTree = "<group>"; };
		18CBB66B24AB52F400F17695 /* Base */ = {isa = PBXFileReference; lastKnownFileType = file.storyboard; name = Base; path = Base.lproj/LaunchScreen.storyboard; sourceTree = "<group>"; };
		18CBB66D24AB52F400F17695 /* Info.plist */ = {isa = PBXFileReference; lastKnownFileType = text.plist.xml; path = Info.plist; sourceTree = "<group>"; };
		18CBB67224AB52F400F17695 /* FilesToDocumentDirectoryTests.xctest */ = {isa = PBXFileReference; explicitFileType = wrapper.cfbundle; includeInIndex = 0; path = FilesToDocumentDirectoryTests.xctest; sourceTree = BUILT_PRODUCTS_DIR; };
		18CBB67624AB52F400F17695 /* FilesToDocumentDirectoryTests.swift */ = {isa = PBXFileReference; lastKnownFileType = sourcecode.swift; path = FilesToDocumentDirectoryTests.swift; sourceTree = "<group>"; };
		18CBB67824AB52F400F17695 /* Info.plist */ = {isa = PBXFileReference; lastKnownFileType = text.plist.xml; path = Info.plist; sourceTree = "<group>"; };
		18CBB67D24AB52F400F17695 /* FilesToDocumentDirectoryUITests.xctest */ = {isa = PBXFileReference; explicitFileType = wrapper.cfbundle; includeInIndex = 0; path = FilesToDocumentDirectoryUITests.xctest; sourceTree = BUILT_PRODUCTS_DIR; };
		18CBB68124AB52F400F17695 /* FilesToDocumentDirectoryUITests.swift */ = {isa = PBXFileReference; lastKnownFileType = sourcecode.swift; path = FilesToDocumentDirectoryUITests.swift; sourceTree = "<group>"; };
		18CBB68324AB52F400F17695 /* Info.plist */ = {isa = PBXFileReference; lastKnownFileType = text.plist.xml; path = Info.plist; sourceTree = "<group>"; };
/* End PBXFileReference section */

/* Begin PBXFrameworksBuildPhase section */
		18CBB65924AB52F300F17695 /* Frameworks */ = {
			isa = PBXFrameworksBuildPhase;
			buildActionMask = 2147483647;
			files = (
			);
			runOnlyForDeploymentPostprocessing = 0;
		};
		18CBB66F24AB52F400F17695 /* Frameworks */ = {
			isa = PBXFrameworksBuildPhase;
			buildActionMask = 2147483647;
			files = (
			);
			runOnlyForDeploymentPostprocessing = 0;
		};
		18CBB67A24AB52F400F17695 /* Frameworks */ = {
			isa = PBXFrameworksBuildPhase;
			buildActionMask = 2147483647;
			files = (
			);
			runOnlyForDeploymentPostprocessing = 0;
		};
/* End PBXFrameworksBuildPhase section */

/* Begin PBXGroup section */
		18CBB65324AB52F300F17695 = {
			isa = PBXGroup;
			children = (
				18CBB65E24AB52F300F17695 /* FilesToDocumentDirectory */,
				18CBB67524AB52F400F17695 /* FilesToDocumentDirectoryTests */,
				18CBB68024AB52F400F17695 /* FilesToDocumentDirectoryUITests */,
				18CBB65D24AB52F300F17695 /* Products */,
			);
			sourceTree = "<group>";
		};
		18CBB65D24AB52F300F17695 /* Products */ = {
			isa = PBXGroup;
			children = (
				18CBB65C24AB52F300F17695 /* FilesToDocumentDirectory.app */,
				18CBB67224AB52F400F17695 /* FilesToDocumentDirectoryTests.xctest */,
				18CBB67D24AB52F400F17695 /* FilesToDocumentDirectoryUITests.xctest */,
			);
			name = Products;
			sourceTree = "<group>";
		};
		18CBB65E24AB52F300F17695 /* FilesToDocumentDirectory */ = {
			isa = PBXGroup;
			children = (
				18CBB65F24AB52F300F17695 /* AppDelegate.swift */,
				18CBB66124AB52F300F17695 /* SceneDelegate.swift */,
				18CBB66324AB52F300F17695 /* ViewController.swift */,
				18CBB66524AB52F300F17695 /* Main.storyboard */,
				18CBB66824AB52F400F17695 /* Assets.xcassets */,
				18CBB66A24AB52F400F17695 /* LaunchScreen.storyboard */,
				18CBB66D24AB52F400F17695 /* Info.plist */,
			);
			path = FilesToDocumentDirectory;
			sourceTree = "<group>";
		};
		18CBB67524AB52F400F17695 /* FilesToDocumentDirectoryTests */ = {
			isa = PBXGroup;
			children = (
				18CBB67624AB52F400F17695 /* FilesToDocumentDirectoryTests.swift */,
				18CBB67824AB52F400F17695 /* Info.plist */,
			);
			path = FilesToDocumentDirectoryTests;
			sourceTree = "<group>";
		};
		18CBB68024AB52F400F17695 /* FilesToDocumentDirectoryUITests */ = {
			isa = PBXGroup;
			children = (
				18CBB68124AB52F400F17695 /* FilesToDocumentDirectoryUITests.swift */,
				18CBB68324AB52F400F17695 /* Info.plist */,
			);
			path = FilesToDocumentDirectoryUITests;
			sourceTree = "<group>";
		};
/* End PBXGroup section */

/* Begin PBXNativeTarget section */
		18CBB65B24AB52F300F17695 /* FilesToDocumentDirectory */ = {
			isa = PBXNativeTarget;
			buildConfigurationList = 18CBB68624AB52F400F17695 /* Build configuration list for PBXNativeTarget "FilesToDocumentDirectory" */;
			buildPhases = (
				18CBB65824AB52F300F17695 /* Sources */,
				18CBB65924AB52F300F17695 /* Frameworks */,
				18CBB65A24AB52F300F17695 /* Resources */,
			);
			buildRules = (
			);
			dependencies = (
			);
			name = FilesToDocumentDirectory;
			productName = FilesToDocumentDirectory;
			productReference = 18CBB65C24AB52F300F17695 /* FilesToDocumentDirectory.app */;
			productType = "com.apple.product-type.application";
		};
		18CBB67124AB52F400F17695 /* FilesToDocumentDirectoryTests */ = {
			isa = PBXNativeTarget;
			buildConfigurationList = 18CBB68924AB52F400F17695 /* Build configuration list for PBXNativeTarget "FilesToDocumentDirectoryTests" */;
			buildPhases = (
				18CBB66E24AB52F400F17695 /* Sources */,
				18CBB66F24AB52F400F17695 /* Frameworks */,
				18CBB67024AB52F400F17695 /* Resources */,
			);
			buildRules = (
			);
			dependencies = (
				18CBB67424AB52F400F17695 /* PBXTargetDependency */,
			);
			name = FilesToDocumentDirectoryTests;
			productName = FilesToDocumentDirectoryTests;
			productReference = 18CBB67224AB52F400F17695 /* FilesToDocumentDirectoryTests.xctest */;
			productType = "com.apple.product-type.bundle.unit-test";
		};
		18CBB67C24AB52F400F17695 /* FilesToDocumentDirectoryUITests */ = {
			isa = PBXNativeTarget;
			buildConfigurationList = 18CBB68C24AB52F400F17695 /* Build configuration list for PBXNativeTarget "FilesToDocumentDirectoryUITests" */;
			buildPhases = (
				18CBB67924AB52F400F17695 /* Sources */,
				18CBB67A24AB52F400F17695 /* Frameworks */,
				18CBB67B24AB52F400F17695 /* Resources */,
			);
			buildRules = (
			);
			dependencies = (
				18CBB67F24AB52F400F17695 /* PBXTargetDependency */,
			);
			name = FilesToDocumentDirectoryUITests;
			productName = FilesToDocumentDirectoryUITests;
			productReference = 18CBB67D24AB52F400F17695 /* FilesToDocumentDirectoryUITests.xctest */;
			productType = "com.apple.product-type.bundle.ui-testing";
		};
/* End PBXNativeTarget section */

/* Begin PBXProject section */
		18CBB65424AB52F300F17695 /* Project object */ = {
			isa = PBXProject;
			attributes = {
				LastSwiftUpdateCheck = 1150;
				LastUpgradeCheck = 1150;
				ORGANIZATIONNAME = "Marc Meinhardt";
				TargetAttributes = {
					18CBB65B24AB52F300F17695 = {
						CreatedOnToolsVersion = 11.5;
					};
					18CBB67124AB52F400F17695 = {
						CreatedOnToolsVersion = 11.5;
						TestTargetID = 18CBB65B24AB52F300F17695;
					};
					18CBB67C24AB52F400F17695 = {
						CreatedOnToolsVersion = 11.5;
						TestTargetID = 18CBB65B24AB52F300F17695;
					};
				};
			};
			buildConfigurationList = 18CBB65724AB52F300F17695 /* Build configuration list for PBXProject "FilesToDocumentDirectory" */;
			compatibilityVersion = "Xcode 9.3";
			developmentRegion = en;
			hasScannedForEncodings = 0;
			knownRegions = (
				en,
				Base,
			);
			mainGroup = 18CBB65324AB52F300F17695;
			productRefGroup = 18CBB65D24AB52F300F17695 /* Products */;
			projectDirPath = "";
			projectRoot = "";
			targets = (
				18CBB65B24AB52F300F17695 /* FilesToDocumentDirectory */,
				18CBB67124AB52F400F17695 /* FilesToDocumentDirectoryTests */,
				18CBB67C24AB52F400F17695 /* FilesToDocumentDirectoryUITests */,
			);
		};
/* End PBXProject section */

/* Begin PBXResourcesBuildPhase section */
		18CBB65A24AB52F300F17695 /* Resources */ = {
			isa = PBXResourcesBuildPhase;
			buildActionMask = 2147483647;
			files = (
				18CBB66C24AB52F400F17695 /* LaunchScreen.storyboard in Resources */,
				18CBB66924AB52F400F17695 /* Assets.xcassets in Resources */,
				18CBB66724AB52F300F17695 /* Main.storyboard in Resources */,
			);
			runOnlyForDeploymentPostprocessing = 0;
		};
		18CBB67024AB52F400F17695 /* Resources */ = {
			isa = PBXResourcesBuildPhase;
			buildActionMask = 2147483647;
			files = (
			);
			runOnlyForDeploymentPostprocessing = 0;
		};
		18CBB67B24AB52F400F17695 /* Resources */ = {
			isa = PBXResourcesBuildPhase;
			buildActionMask = 2147483647;
			files = (
			);
			runOnlyForDeploymentPostprocessing = 0;
		};
/* End PBXResourcesBuildPhase section */

/* Begin PBXSourcesBuildPhase section */
		18CBB65824AB52F300F17695 /* Sources */ = {
			isa = PBXSourcesBuildPhase;
			buildActionMask = 2147483647;
			files = (
				18CBB66424AB52F300F17695 /* ViewController.swift in Sources */,
				18CBB66024AB52F300F17695 /* AppDelegate.swift in Sources */,
				18CBB66224AB52F300F17695 /* SceneDelegate.swift in Sources */,
			);
			runOnlyForDeploymentPostprocessing = 0;
		};
		18CBB66E24AB52F400F17695 /* Sources */ = {
			isa = PBXSourcesBuildPhase;
			buildActionMask = 2147483647;
			files = (
				18CBB67724AB52F400F17695 /* FilesToDocumentDirectoryTests.swift in Sources */,
			);
			runOnlyForDeploymentPostprocessing = 0;
		};
		18CBB67924AB52F400F17695 /* Sources */ = {
			isa = PBXSourcesBuildPhase;
			buildActionMask = 2147483647;
			files = (
				18CBB68224AB52F400F17695 /* FilesToDocumentDirectoryUITests.swift in Sources */,
			);
			runOnlyForDeploymentPostprocessing = 0;
		};
/* End PBXSourcesBuildPhase section */

/* Begin PBXTargetDependency section */
		18CBB67424AB52F400F17695 /* PBXTargetDependency */ = {
			isa = PBXTargetDependency;
			target = 18CBB65B24AB52F300F17695 /* FilesToDocumentDirectory */;
			targetProxy = 18CBB67324AB52F400F17695 /* PBXContainerItemProxy */;
		};
		18CBB67F24AB52F400F17695 /* PBXTargetDependency */ = {
			isa = PBXTargetDependency;
			target = 18CBB65B24AB52F300F17695 /* FilesToDocumentDirectory */;
			targetProxy = 18CBB67E24AB52F400F17695 /* PBXContainerItemProxy */;
		};
/* End PBXTargetDependency section */

/* Begin PBXVariantGroup section */
		18CBB66524AB52F300F17695 /* Main.storyboard */ = {
			isa = PBXVariantGroup;
			children = (
				18CBB66624AB52F300F17695 /* Base */,
			);
			name = Main.storyboard;
			sourceTree = "<group>";
		};
		18CBB66A24AB52F400F17695 /* LaunchScreen.storyboard */ = {
			isa = PBXVariantGroup;
			children = (
				18CBB66B24AB52F400F17695 /* Base */,
			);
			name = LaunchScreen.storyboard;
			sourceTree = "<group>";
		};
/* End PBXVariantGroup section */

/* Begin XCBuildConfiguration section */
		18CBB68424AB52F400F17695 /* Debug */ = {
			isa = XCBuildConfiguration;
			buildSettings = {
				ALWAYS_SEARCH_USER_PATHS = NO;
				CLANG_ANALYZER_NONNULL = YES;
				CLANG_ANALYZER_NUMBER_OBJECT_CONVERSION = YES_AGGRESSIVE;
				CLANG_CXX_LANGUAGE_STANDARD = "gnu++14";
				CLANG_CXX_LIBRARY = "libc++";
				CLANG_ENABLE_MODULES = YES;
				CLANG_ENABLE_OBJC_ARC = YES;
				CLANG_ENABLE_OBJC_WEAK = YES;
				CLANG_WARN_BLOCK_CAPTURE_AUTORELEASING = YES;
				CLANG_WARN_BOOL_CONVERSION = YES;
				CLANG_WARN_COMMA = YES;
				CLANG_WARN_CONSTANT_CONVERSION = YES;
				CLANG_WARN_DEPRECATED_OBJC_IMPLEMENTATIONS = YES;
				CLANG_WARN_DIRECT_OBJC_ISA_USAGE = YES_ERROR;
				CLANG_WARN_DOCUMENTATION_COMMENTS = YES;
				CLANG_WARN_EMPTY_BODY = YES;
				CLANG_WARN_ENUM_CONVERSION = YES;
				CLANG_WARN_INFINITE_RECURSION = YES;
				CLANG_WARN_INT_CONVERSION = YES;
				CLANG_WARN_NON_LITERAL_NULL_CONVERSION = YES;
				CLANG_WARN_OBJC_IMPLICIT_RETAIN_SELF = YES;
				CLANG_WARN_OBJC_LITERAL_CONVERSION = YES;
				CLANG_WARN_OBJC_ROOT_CLASS = YES_ERROR;
				CLANG_WARN_RANGE_LOOP_ANALYSIS = YES;
				CLANG_WARN_STRICT_PROTOTYPES = YES;
				CLANG_WARN_SUSPICIOUS_MOVE = YES;
				CLANG_WARN_UNGUARDED_AVAILABILITY = YES_AGGRESSIVE;
				CLANG_WARN_UNREACHABLE_CODE = YES;
				CLANG_WARN__DUPLICATE_METHOD_MATCH = YES;
				COPY_PHASE_STRIP = NO;
				DEBUG_INFORMATION_FORMAT = dwarf;
				ENABLE_STRICT_OBJC_MSGSEND = YES;
				ENABLE_TESTABILITY = YES;
				GCC_C_LANGUAGE_STANDARD = gnu11;
				GCC_DYNAMIC_NO_PIC = NO;
				GCC_NO_COMMON_BLOCKS = YES;
				GCC_OPTIMIZATION_LEVEL = 0;
				GCC_PREPROCESSOR_DEFINITIONS = (
					"DEBUG=1",
					"$(inherited)",
				);
				GCC_WARN_64_TO_32_BIT_CONVERSION = YES;
				GCC_WARN_ABOUT_RETURN_TYPE = YES_ERROR;
				GCC_WARN_UNDECLARED_SELECTOR = YES;
				GCC_WARN_UNINITIALIZED_AUTOS = YES_AGGRESSIVE;
				GCC_WARN_UNUSED_FUNCTION = YES;
				GCC_WARN_UNUSED_VARIABLE = YES;
				IPHONEOS_DEPLOYMENT_TARGET = 13.5;
				MTL_ENABLE_DEBUG_INFO = INCLUDE_SOURCE;
				MTL_FAST_MATH = YES;
				ONLY_ACTIVE_ARCH = YES;
				SDKROOT = iphoneos;
				SWIFT_ACTIVE_COMPILATION_CONDITIONS = DEBUG;
				SWIFT_OPTIMIZATION_LEVEL = "-Onone";
			};
			name = Debug;
		};
		18CBB68524AB52F400F17695 /* Release */ = {
			isa = XCBuildConfiguration;
			buildSettings = {
				ALWAYS_SEARCH_USER_PATHS = NO;
				CLANG_ANALYZER_NONNULL = YES;
				CLANG_ANALYZER_NUMBER_OBJECT_CONVERSION = YES_AGGRESSIVE;
				CLANG_CXX_LANGUAGE_STANDARD = "gnu++14";
				CLANG_CXX_LIBRARY = "libc++";
				CLANG_ENABLE_MODULES = YES;
				CLANG_ENABLE_OBJC_ARC = YES;
				CLANG_ENABLE_OBJC_WEAK = YES;
				CLANG_WARN_BLOCK_CAPTURE_AUTORELEASING = YES;
				CLANG_WARN_BOOL_CONVERSION = YES;
				CLANG_WARN_COMMA = YES;
				CLANG_WARN_CONSTANT_CONVERSION = YES;
				CLANG_WARN_DEPRECATED_OBJC_IMPLEMENTATIONS = YES;
				CLANG_WARN_DIRECT_OBJC_ISA_USAGE = YES_ERROR;
				CLANG_WARN_DOCUMENTATION_COMMENTS = YES;
				CLANG_WARN_EMPTY_BODY = YES;
				CLANG_WARN_ENUM_CONVERSION = YES;
				CLANG_WARN_INFINITE_RECURSION = YES;
				CLANG_WARN_INT_CONVERSION = YES;
				CLANG_WARN_NON_LITERAL_NULL_CONVERSION = YES;
				CLANG_WARN_OBJC_IMPLICIT_RETAIN_SELF = YES;
				CLANG_WARN_OBJC_LITERAL_CONVERSION = YES;
				CLANG_WARN_OBJC_ROOT_CLASS = YES_ERROR;
				CLANG_WARN_RANGE_LOOP_ANALYSIS = YES;
				CLANG_WARN_STRICT_PROTOTYPES = YES;
				CLANG_WARN_SUSPICIOUS_MOVE = YES;
				CLANG_WARN_UNGUARDED_AVAILABILITY = YES_AGGRESSIVE;
				CLANG_WARN_UNREACHABLE_CODE = YES;
				CLANG_WARN__DUPLICATE_METHOD_MATCH = YES;
				COPY_PHASE_STRIP = NO;
				DEBUG_INFORMATION_FORMAT = "dwarf-with-dsym";
				ENABLE_NS_ASSERTIONS = NO;
				ENABLE_STRICT_OBJC_MSGSEND = YES;
				GCC_C_LANGUAGE_STANDARD = gnu11;
				GCC_NO_COMMON_BLOCKS = YES;
				GCC_WARN_64_TO_32_BIT_CONVERSION = YES;
				GCC_WARN_ABOUT_RETURN_TYPE = YES_ERROR;
				GCC_WARN_UNDECLARED_SELECTOR = YES;
				GCC_WARN_UNINITIALIZED_AUTOS = YES_AGGRESSIVE;
				GCC_WARN_UNUSED_FUNCTION = YES;
				GCC_WARN_UNUSED_VARIABLE = YES;
				IPHONEOS_DEPLOYMENT_TARGET = 13.5;
				MTL_ENABLE_DEBUG_INFO = NO;
				MTL_FAST_MATH = YES;
				SDKROOT = iphoneos;
				SWIFT_COMPILATION_MODE = wholemodule;
				SWIFT_OPTIMIZATION_LEVEL = "-O";
				VALIDATE_PRODUCT = YES;
			};
			name = Release;
		};
		18CBB68724AB52F400F17695 /* Debug */ = {
			isa = XCBuildConfiguration;
			buildSettings = {
				ASSETCATALOG_COMPILER_APPICON_NAME = AppIcon;
				CODE_SIGN_STYLE = Automatic;
				DEVELOPMENT_TEAM = BJQ65HLUAX;
				INFOPLIST_FILE = FilesToDocumentDirectory/Info.plist;
				LD_RUNPATH_SEARCH_PATHS = (
					"$(inherited)",
					"@executable_path/Frameworks",
				);
				PRODUCT_BUNDLE_IDENTIFIER = MeinhardtMarc.FilesToDocumentDirectory;
				PRODUCT_NAME = "$(TARGET_NAME)";
				SWIFT_VERSION = 5.0;
				TARGETED_DEVICE_FAMILY = "1,2";
			};
			name = Debug;
		};
		18CBB68824AB52F400F17695 /* Release */ = {
			isa = XCBuildConfiguration;
			buildSettings = {
				ASSETCATALOG_COMPILER_APPICON_NAME = AppIcon;
				CODE_SIGN_STYLE = Automatic;
				DEVELOPMENT_TEAM = BJQ65HLUAX;
				INFOPLIST_FILE = FilesToDocumentDirectory/Info.plist;
				LD_RUNPATH_SEARCH_PATHS = (
					"$(inherited)",
					"@executable_path/Frameworks",
				);
				PRODUCT_BUNDLE_IDENTIFIER = MeinhardtMarc.FilesToDocumentDirectory;
				PRODUCT_NAME = "$(TARGET_NAME)";
				SWIFT_VERSION = 5.0;
				TARGETED_DEVICE_FAMILY = "1,2";
			};
			name = Release;
		};
		18CBB68A24AB52F400F17695 /* Debug */ = {
			isa = XCBuildConfiguration;
			buildSettings = {
				ALWAYS_EMBED_SWIFT_STANDARD_LIBRARIES = YES;
				BUNDLE_LOADER = "$(TEST_HOST)";
				CODE_SIGN_STYLE = Automatic;
				DEVELOPMENT_TEAM = BJQ65HLUAX;
				INFOPLIST_FILE = FilesToDocumentDirectoryTests/Info.plist;
				IPHONEOS_DEPLOYMENT_TARGET = 13.5;
				LD_RUNPATH_SEARCH_PATHS = (
					"$(inherited)",
					"@executable_path/Frameworks",
					"@loader_path/Frameworks",
				);
				PRODUCT_BUNDLE_IDENTIFIER = MeinhardtMarc.FilesToDocumentDirectoryTests;
				PRODUCT_NAME = "$(TARGET_NAME)";
				SWIFT_VERSION = 5.0;
				TARGETED_DEVICE_FAMILY = "1,2";
				TEST_HOST = "$(BUILT_PRODUCTS_DIR)/FilesToDocumentDirectory.app/FilesToDocumentDirectory";
			};
			name = Debug;
		};
		18CBB68B24AB52F400F17695 /* Release */ = {
			isa = XCBuildConfiguration;
			buildSettings = {
				ALWAYS_EMBED_SWIFT_STANDARD_LIBRARIES = YES;
				BUNDLE_LOADER = "$(TEST_HOST)";
				CODE_SIGN_STYLE = Automatic;
				DEVELOPMENT_TEAM = BJQ65HLUAX;
				INFOPLIST_FILE = FilesToDocumentDirectoryTests/Info.plist;
				IPHONEOS_DEPLOYMENT_TARGET = 13.5;
				LD_RUNPATH_SEARCH_PATHS = (
					"$(inherited)",
					"@executable_path/Frameworks",
					"@loader_path/Frameworks",
				);
				PRODUCT_BUNDLE_IDENTIFIER = MeinhardtMarc.FilesToDocumentDirectoryTests;
				PRODUCT_NAME = "$(TARGET_NAME)";
				SWIFT_VERSION = 5.0;
				TARGETED_DEVICE_FAMILY = "1,2";
				TEST_HOST = "$(BUILT_PRODUCTS_DIR)/FilesToDocumentDirectory.app/FilesToDocumentDirectory";
			};
			name = Release;
		};
		18CBB68D24AB52F400F17695 /* Debug */ = {
			isa = XCBuildConfiguration;
			buildSettings = {
				ALWAYS_EMBED_SWIFT_STANDARD_LIBRARIES = YES;
				CODE_SIGN_STYLE = Automatic;
				DEVELOPMENT_TEAM = BJQ65HLUAX;
				INFOPLIST_FILE = FilesToDocumentDirectoryUITests/Info.plist;
				LD_RUNPATH_SEARCH_PATHS = (
					"$(inherited)",
					"@executable_path/Frameworks",
					"@loader_path/Frameworks",
				);
				PRODUCT_BUNDLE_IDENTIFIER = MeinhardtMarc.FilesToDocumentDirectoryUITests;
				PRODUCT_NAME = "$(TARGET_NAME)";
				SWIFT_VERSION = 5.0;
				TARGETED_DEVICE_FAMILY = "1,2";
				TEST_TARGET_NAME = FilesToDocumentDirectory;
			};
			name = Debug;
		};
		18CBB68E24AB52F400F17695 /* Release */ = {
			isa = XCBuildConfiguration;
			buildSettings = {
				ALWAYS_EMBED_SWIFT_STANDARD_LIBRARIES = YES;
				CODE_SIGN_STYLE = Automatic;
				DEVELOPMENT_TEAM = BJQ65HLUAX;
				INFOPLIST_FILE = FilesToDocumentDirectoryUITests/Info.plist;
				LD_RUNPATH_SEARCH_PATHS = (
					"$(inherited)",
					"@executable_path/Frameworks",
					"@loader_path/Frameworks",
				);
				PRODUCT_BUNDLE_IDENTIFIER = MeinhardtMarc.FilesToDocumentDirectoryUITests;
				PRODUCT_NAME = "$(TARGET_NAME)";
				SWIFT_VERSION = 5.0;
				TARGETED_DEVICE_FAMILY = "1,2";
				TEST_TARGET_NAME = FilesToDocumentDirectory;
			};
			name = Release;
		};
/* End XCBuildConfiguration section */

/* Begin XCConfigurationList section */
		18CBB65724AB52F300F17695 /* Build configuration list for PBXProject "FilesToDocumentDirectory" */ = {
			isa = XCConfigurationList;
			buildConfigurations = (
				18CBB68424AB52F400F17695 /* Debug */,
				18CBB68524AB52F400F17695 /* Release */,
			);
			defaultConfigurationIsVisible = 0;
			defaultConfigurationName = Release;
		};
		18CBB68624AB52F400F17695 /* Build configuration list for PBXNativeTarget "FilesToDocumentDirectory" */ = {
			isa = XCConfigurationList;
			buildConfigurations = (
				18CBB68724AB52F400F17695 /* Debug */,
				18CBB68824AB52F400F17695 /* Release */,
			);
			defaultConfigurationIsVisible = 0;
			defaultConfigurationName = Release;
		};
		18CBB68924AB52F400F17695 /* Build configuration list for PBXNativeTarget "FilesToDocumentDirectoryTests" */ = {
			isa = XCConfigurationList;
			buildConfigurations = (
				18CBB68A24AB52F400F17695 /* Debug */,
				18CBB68B24AB52F400F17695 /* Release */,
			);
			defaultConfigurationIsVisible = 0;
			defaultConfigurationName = Release;
		};
		18CBB68C24AB52F400F17695 /* Build configuration list for PBXNativeTarget "FilesToDocumentDirectoryUITests" */ = {
			isa = XCConfigurationList;
			buildConfigurations = (
				18CBB68D24AB52F400F17695 /* Debug */,
				18CBB68E24AB52F400F17695 /* Release */,
			);
			defaultConfigurationIsVisible = 0;
			defaultConfigurationName = Release;
		};
/* End XCConfigurationList section */
	};
	rootObject = 18CBB65424AB52F300F17695 /* Project object */;
}
